# This file is automatically @generated by Cargo.
# It is not intended for manual editing.
[[package]]
name = "aquarium-solver"
version = "0.1.0"
dependencies = [
 "strided",
]

[[package]]
name = "strided"
version = "0.2.9"
source = "registry+https://github.com/rust-lang/crates.io-index"
checksum = "e3e96a77610a727267dec6f2afa4d8a0b22092bdc410515dd638124fa1b9bcc6"
